// !$*UTF8*$!
{
	archiveVersion = 1;
	classes = {
	};
	objectVersion = 50;
	objects = {

/* Begin PBXBuildFile section */
		FC0A4BD2241844B800D2838E /* FeedStoreSpecs.swift in Sources */ = {isa = PBXBuildFile; fileRef = FC0A4BD1241844B800D2838E /* FeedStoreSpecs.swift */; };
		FC0A4BD42418451E00D2838E /* XCTestCase+FeedStoreSpecs.swift in Sources */ = {isa = PBXBuildFile; fileRef = FC0A4BD32418451E00D2838E /* XCTestCase+FeedStoreSpecs.swift */; };
		FC0B7CE22461F82B00684FD7 /* FeedViewControllerTests+Localization.swift in Sources */ = {isa = PBXBuildFile; fileRef = FC0B7CE12461F82B00684FD7 /* FeedViewControllerTests+Localization.swift */; };
		FC0B7CE42461F9A800684FD7 /* Feed.strings in Resources */ = {isa = PBXBuildFile; fileRef = FC0B7CE62461F9A800684FD7 /* Feed.strings */; };
		FC0B7CEB2461FA7500684FD7 /* FeedLocalizationTests.swift in Sources */ = {isa = PBXBuildFile; fileRef = FC0B7CEA2461FA7500684FD7 /* FeedLocalizationTests.swift */; };
		FC0F139D241923FF000079A7 /* XCTestCase+FailableRetrieveFeedStoreSpecs.swift in Sources */ = {isa = PBXBuildFile; fileRef = FC0F139C241923FF000079A7 /* XCTestCase+FailableRetrieveFeedStoreSpecs.swift */; };
		FC0F139F2419249A000079A7 /* XCTestCase+FailableInsertFeedStoreSpecs.swift in Sources */ = {isa = PBXBuildFile; fileRef = FC0F139E2419249A000079A7 /* XCTestCase+FailableInsertFeedStoreSpecs.swift */; };
		FC0F13A124192508000079A7 /* XCTestCase+FailableDeleteFeedStoreSpecs.swift in Sources */ = {isa = PBXBuildFile; fileRef = FC0F13A024192508000079A7 /* XCTestCase+FailableDeleteFeedStoreSpecs.swift */; };
		FC0F4D192450ACA10099A817 /* FeedImageCellController.swift in Sources */ = {isa = PBXBuildFile; fileRef = FC0F4D182450ACA10099A817 /* FeedImageCellController.swift */; };
		FC0F4D1C2450B11D0099A817 /* FeedUIComposer.swift in Sources */ = {isa = PBXBuildFile; fileRef = FC0F4D1B2450B11D0099A817 /* FeedUIComposer.swift */; };
		FC0F9493241BF0CF0047D3CF /* CoreDataHelpers.swift in Sources */ = {isa = PBXBuildFile; fileRef = FC0F9492241BF0CF0047D3CF /* CoreDataHelpers.swift */; };
		FC0F9495241BF12B0047D3CF /* ManagedCache.swift in Sources */ = {isa = PBXBuildFile; fileRef = FC0F9494241BF12B0047D3CF /* ManagedCache.swift */; };
		FC0F9497241BF13F0047D3CF /* ManagedFeedImage.swift in Sources */ = {isa = PBXBuildFile; fileRef = FC0F9496241BF13F0047D3CF /* ManagedFeedImage.swift */; };
		FC313E0B243BE60900E7DFF6 /* UIView+Shimmering.swift in Sources */ = {isa = PBXBuildFile; fileRef = FC313E0A243BE60900E7DFF6 /* UIView+Shimmering.swift */; };
		FC41A31B241BC2A80032B7EC /* CoreDataFeedStoreTests.swift in Sources */ = {isa = PBXBuildFile; fileRef = FC41A31A241BC2A80032B7EC /* CoreDataFeedStoreTests.swift */; };
		FC41A31D241BC45E0032B7EC /* CoreDataFeedStore.swift in Sources */ = {isa = PBXBuildFile; fileRef = FC41A31C241BC45E0032B7EC /* CoreDataFeedStore.swift */; };
		FC43328823FB1C7E0097DF01 /* RemoteFeedItem.swift in Sources */ = {isa = PBXBuildFile; fileRef = FC43328723FB1C7E0097DF01 /* RemoteFeedItem.swift */; };
		FC43328A23FB1CB70097DF01 /* LocalFeedImage.swift in Sources */ = {isa = PBXBuildFile; fileRef = FC43328923FB1CB70097DF01 /* LocalFeedImage.swift */; };
		FC43328C23FB21610097DF01 /* LoadFeedFromCacheUseCaseTests.swift in Sources */ = {isa = PBXBuildFile; fileRef = FC43328B23FB21610097DF01 /* LoadFeedFromCacheUseCaseTests.swift */; };
		FC43328F23FB22780097DF01 /* FeedStoreSpy.swift in Sources */ = {isa = PBXBuildFile; fileRef = FC43328E23FB22780097DF01 /* FeedStoreSpy.swift */; };
		FC55143623F726AC003CC79C /* CacheFeedUseCaseTests.swift in Sources */ = {isa = PBXBuildFile; fileRef = FC55143523F726AC003CC79C /* CacheFeedUseCaseTests.swift */; };
		FC59B4C823E75E8800D8790A /* EssentialFeed.framework in Frameworks */ = {isa = PBXBuildFile; fileRef = FC59B4BE23E75E8800D8790A /* EssentialFeed.framework */; };
		FC59B4DA23E75EBD00D8790A /* FeedImage.swift in Sources */ = {isa = PBXBuildFile; fileRef = FC59B4D923E75EBD00D8790A /* FeedImage.swift */; };
		FC59B4DC23E75F0800D8790A /* FeedLoader.swift in Sources */ = {isa = PBXBuildFile; fileRef = FC59B4DB23E75F0800D8790A /* FeedLoader.swift */; };
		FC59B4DE23E7602B00D8790A /* LoadFeedFromRemoteUseCaseTests.swift in Sources */ = {isa = PBXBuildFile; fileRef = FC59B4DD23E7602B00D8790A /* LoadFeedFromRemoteUseCaseTests.swift */; };
		FC59B4E123E76B7D00D8790A /* RemoteFeedLoader.swift in Sources */ = {isa = PBXBuildFile; fileRef = FC59B4E023E76B7D00D8790A /* RemoteFeedLoader.swift */; };
		FC5CFB4C240EAF3900F4D214 /* ValidateFeedCacheUseCaseTests.swift in Sources */ = {isa = PBXBuildFile; fileRef = FC5CFB4B240EAF3900F4D214 /* ValidateFeedCacheUseCaseTests.swift */; };
		FC5CFB4E240EB1F200F4D214 /* FeedCacheTestHelpers.swift in Sources */ = {isa = PBXBuildFile; fileRef = FC5CFB4D240EB1F200F4D214 /* FeedCacheTestHelpers.swift */; };
		FC5CFB50240EB27A00F4D214 /* SharedTestHelpers.swift in Sources */ = {isa = PBXBuildFile; fileRef = FC5CFB4F240EB27A00F4D214 /* SharedTestHelpers.swift */; };
		FC6C4539245DE78700702A62 /* FeedImagePresenter.swift in Sources */ = {isa = PBXBuildFile; fileRef = FC6C4538245DE78700702A62 /* FeedImagePresenter.swift */; };
		FC6C453B245DE7C800702A62 /* FeedImageViewModel.swift in Sources */ = {isa = PBXBuildFile; fileRef = FC6C453A245DE7C800702A62 /* FeedImageViewModel.swift */; };
		FC6C453D245DE8B200702A62 /* FeedViewModel.swift in Sources */ = {isa = PBXBuildFile; fileRef = FC6C453C245DE8B200702A62 /* FeedViewModel.swift */; };
		FC6C453F245DE8BD00702A62 /* FeedLoadingViewModel.swift in Sources */ = {isa = PBXBuildFile; fileRef = FC6C453E245DE8BD00702A62 /* FeedLoadingViewModel.swift */; };
		FC77A1662462063D00C6D65D /* MainQueueDispatchDecorator.swift in Sources */ = {isa = PBXBuildFile; fileRef = FC77A1652462063D00C6D65D /* MainQueueDispatchDecorator.swift */; };
		FC9272C2242C0D4C008F0C4B /* FeedUIIntegrationTests.swift in Sources */ = {isa = PBXBuildFile; fileRef = FC9272C1242C0D4C008F0C4B /* FeedUIIntegrationTests.swift */; };
		FC9272C4242C10B8008F0C4B /* EssentialFeed.framework in Frameworks */ = {isa = PBXBuildFile; fileRef = FC59B4BE23E75E8800D8790A /* EssentialFeed.framework */; };
		FC9272C5242C10B8008F0C4B /* EssentialFeed.framework in Embed Frameworks */ = {isa = PBXBuildFile; fileRef = FC59B4BE23E75E8800D8790A /* EssentialFeed.framework */; settings = {ATTRIBUTES = (CodeSignOnCopy, RemoveHeadersOnCopy, ); }; };
		FC9AD4CF242167F2008AA06D /* EssentialFeedCacheIntegrationTests.swift in Sources */ = {isa = PBXBuildFile; fileRef = FC9AD4CE242167F2008AA06D /* EssentialFeedCacheIntegrationTests.swift */; };
		FC9AD4D1242167F2008AA06D /* EssentialFeed.framework in Frameworks */ = {isa = PBXBuildFile; fileRef = FC59B4BE23E75E8800D8790A /* EssentialFeed.framework */; };
		FC9AD4D7242169F0008AA06D /* XCTestCase+MemoryLeakTracking.swift in Sources */ = {isa = PBXBuildFile; fileRef = FCDBF43F23EDAA9A005117E6 /* XCTestCase+MemoryLeakTracking.swift */; };
		FC9AD4D824216BD4008AA06D /* FeedCacheTestHelpers.swift in Sources */ = {isa = PBXBuildFile; fileRef = FC5CFB4D240EB1F200F4D214 /* FeedCacheTestHelpers.swift */; };
		FC9AD4D924216C11008AA06D /* SharedTestHelpers.swift in Sources */ = {isa = PBXBuildFile; fileRef = FC5CFB4F240EB27A00F4D214 /* SharedTestHelpers.swift */; };
		FC9AD4E124217065008AA06D /* FeedStore.xcdatamodeld in Sources */ = {isa = PBXBuildFile; fileRef = FC9AD4DF24217065008AA06D /* FeedStore.xcdatamodeld */; };
		FC9AE96E24509CE2008A3C9B /* UIImage+TestHelpers.swift in Sources */ = {isa = PBXBuildFile; fileRef = FC9AE96D24509CE2008A3C9B /* UIImage+TestHelpers.swift */; };
		FC9AE97024509D42008A3C9B /* UIRefreshControl+TestHelpers.swift in Sources */ = {isa = PBXBuildFile; fileRef = FC9AE96F24509D42008A3C9B /* UIRefreshControl+TestHelpers.swift */; };
		FC9AE97224509D6B008A3C9B /* UIButton+TestHelpers.swift in Sources */ = {isa = PBXBuildFile; fileRef = FC9AE97124509D6B008A3C9B /* UIButton+TestHelpers.swift */; };
		FC9AE97424509D96008A3C9B /* UIControl+TestHelpers.swift in Sources */ = {isa = PBXBuildFile; fileRef = FC9AE97324509D96008A3C9B /* UIControl+TestHelpers.swift */; };
		FC9AE97824509E46008A3C9B /* FeedViewController+TestHelpers.swift in Sources */ = {isa = PBXBuildFile; fileRef = FC9AE97724509E46008A3C9B /* FeedViewController+TestHelpers.swift */; };
		FC9AE97A24509E7C008A3C9B /* FeedImageCell+TestHelpers.swift in Sources */ = {isa = PBXBuildFile; fileRef = FC9AE97924509E7C008A3C9B /* FeedImageCell+TestHelpers.swift */; };
		FC9AE97C24509EA7008A3C9B /* FeedViewControllerTests+LoaderSpy.swift in Sources */ = {isa = PBXBuildFile; fileRef = FC9AE97B24509EA7008A3C9B /* FeedViewControllerTests+LoaderSpy.swift */; };
		FC9AE97E24509F01008A3C9B /* FeedViewControllerTests+Assertions.swift in Sources */ = {isa = PBXBuildFile; fileRef = FC9AE97D24509F01008A3C9B /* FeedViewControllerTests+Assertions.swift */; };
		FC9AE9822450A071008A3C9B /* FeedImageDataLoader.swift in Sources */ = {isa = PBXBuildFile; fileRef = FC9AE9812450A071008A3C9B /* FeedImageDataLoader.swift */; };
		FCA58C6D2416849B00DBD5A3 /* FeedCachePolicy.swift in Sources */ = {isa = PBXBuildFile; fileRef = FCA58C6C2416849B00DBD5A3 /* FeedCachePolicy.swift */; };
		FCA820EE23EB16D9000441BC /* HTTPClient.swift in Sources */ = {isa = PBXBuildFile; fileRef = FCA820ED23EB16D9000441BC /* HTTPClient.swift */; };
		FCA820F023EB172B000441BC /* FeedItemMapper.swift in Sources */ = {isa = PBXBuildFile; fileRef = FCA820EF23EB172B000441BC /* FeedItemMapper.swift */; };
		FCAF7F562450ECC200440864 /* FeedPresenter.swift in Sources */ = {isa = PBXBuildFile; fileRef = FCAF7F552450ECC200440864 /* FeedPresenter.swift */; };
		FCB2ECED242D572E00496FFF /* XCTestCase+MemoryLeakTracking.swift in Sources */ = {isa = PBXBuildFile; fileRef = FCDBF43F23EDAA9A005117E6 /* XCTestCase+MemoryLeakTracking.swift */; };
		FCB2ECEF242D7B5100496FFF /* FeedViewController.swift in Sources */ = {isa = PBXBuildFile; fileRef = FCB2ECEE242D7B5100496FFF /* FeedViewController.swift */; };
		FCCEE1AF243273D50062E5B4 /* FeedImageCell.swift in Sources */ = {isa = PBXBuildFile; fileRef = FCCEE1AE243273D50062E5B4 /* FeedImageCell.swift */; };
		FCDBF43D23ED8479005117E6 /* URLSessionHTTPClientTests.swift in Sources */ = {isa = PBXBuildFile; fileRef = FCDBF43C23ED8479005117E6 /* URLSessionHTTPClientTests.swift */; };
		FCDBF44023EDAA9A005117E6 /* XCTestCase+MemoryLeakTracking.swift in Sources */ = {isa = PBXBuildFile; fileRef = FCDBF43F23EDAA9A005117E6 /* XCTestCase+MemoryLeakTracking.swift */; };
		FCDBF44223EDC7C8005117E6 /* URLSessionHTTPClient.swift in Sources */ = {isa = PBXBuildFile; fileRef = FCDBF44123EDC7C8005117E6 /* URLSessionHTTPClient.swift */; };
		FCDEBF9223F1AB32009D88B1 /* EssentialFeedAPIEndToEndTests.swift in Sources */ = {isa = PBXBuildFile; fileRef = FCDEBF9123F1AB32009D88B1 /* EssentialFeedAPIEndToEndTests.swift */; };
		FCDEBF9423F1AB32009D88B1 /* EssentialFeed.framework in Frameworks */ = {isa = PBXBuildFile; fileRef = FC59B4BE23E75E8800D8790A /* EssentialFeed.framework */; };
		FCDEBF9A23F1B1BD009D88B1 /* XCTestCase+MemoryLeakTracking.swift in Sources */ = {isa = PBXBuildFile; fileRef = FCDBF43F23EDAA9A005117E6 /* XCTestCase+MemoryLeakTracking.swift */; };
		FCE69A5E24259410004A6AB5 /* EssentialFeediOS.framework in Frameworks */ = {isa = PBXBuildFile; fileRef = FCE69A5524259410004A6AB5 /* EssentialFeediOS.framework */; };
		FCEFDDBC2461E1950066E68A /* Feed.storyboard in Resources */ = {isa = PBXBuildFile; fileRef = FCEFDDBB2461E1940066E68A /* Feed.storyboard */; };
		FCEFDDBE2461E1D00066E68A /* Feed.xcassets in Resources */ = {isa = PBXBuildFile; fileRef = FCEFDDBD2461E1D00066E68A /* Feed.xcassets */; };
		FCEFDDC02461ECFA0066E68A /* UITableView+Dequeueing.swift in Sources */ = {isa = PBXBuildFile; fileRef = FCEFDDBF2461ECFA0066E68A /* UITableView+Dequeueing.swift */; };
		FCEFDDC22461EDB10066E68A /* UIImageView+Animations.swift in Sources */ = {isa = PBXBuildFile; fileRef = FCEFDDC12461EDB10066E68A /* UIImageView+Animations.swift */; };
		FCF5658E23FAD8F00058C81F /* LocalFeedLoader.swift in Sources */ = {isa = PBXBuildFile; fileRef = FCF5658D23FAD8F00058C81F /* LocalFeedLoader.swift */; };
		FCF5659023FAD93D0058C81F /* FeedStore.swift in Sources */ = {isa = PBXBuildFile; fileRef = FCF5658F23FAD93D0058C81F /* FeedStore.swift */; };
/* End PBXBuildFile section */

/* Begin PBXContainerItemProxy section */
		FC59B4C923E75E8800D8790A /* PBXContainerItemProxy */ = {
			isa = PBXContainerItemProxy;
			containerPortal = FC59B4B523E75E8800D8790A /* Project object */;
			proxyType = 1;
			remoteGlobalIDString = FC59B4BD23E75E8800D8790A;
			remoteInfo = EssentialFeed;
		};
		FC9272C6242C10B8008F0C4B /* PBXContainerItemProxy */ = {
			isa = PBXContainerItemProxy;
			containerPortal = FC59B4B523E75E8800D8790A /* Project object */;
			proxyType = 1;
			remoteGlobalIDString = FC59B4BD23E75E8800D8790A;
			remoteInfo = EssentialFeed;
		};
		FC9AD4D2242167F2008AA06D /* PBXContainerItemProxy */ = {
			isa = PBXContainerItemProxy;
			containerPortal = FC59B4B523E75E8800D8790A /* Project object */;
			proxyType = 1;
			remoteGlobalIDString = FC59B4BD23E75E8800D8790A;
			remoteInfo = EssentialFeed;
		};
		FCDEBF9523F1AB32009D88B1 /* PBXContainerItemProxy */ = {
			isa = PBXContainerItemProxy;
			containerPortal = FC59B4B523E75E8800D8790A /* Project object */;
			proxyType = 1;
			remoteGlobalIDString = FC59B4BD23E75E8800D8790A;
			remoteInfo = EssentialFeed;
		};
		FCE69A5F24259410004A6AB5 /* PBXContainerItemProxy */ = {
			isa = PBXContainerItemProxy;
			containerPortal = FC59B4B523E75E8800D8790A /* Project object */;
			proxyType = 1;
			remoteGlobalIDString = FCE69A5424259410004A6AB5;
			remoteInfo = EssentialFeediOS;
		};
/* End PBXContainerItemProxy section */

/* Begin PBXCopyFilesBuildPhase section */
		FC9272C8242C10B8008F0C4B /* Embed Frameworks */ = {
			isa = PBXCopyFilesBuildPhase;
			buildActionMask = 2147483647;
			dstPath = "";
			dstSubfolderSpec = 10;
			files = (
				FC9272C5242C10B8008F0C4B /* EssentialFeed.framework in Embed Frameworks */,
			);
			name = "Embed Frameworks";
			runOnlyForDeploymentPostprocessing = 0;
		};
/* End PBXCopyFilesBuildPhase section */

/* Begin PBXFileReference section */
		FC0A4BD1241844B800D2838E /* FeedStoreSpecs.swift */ = {isa = PBXFileReference; lastKnownFileType = sourcecode.swift; path = FeedStoreSpecs.swift; sourceTree = "<group>"; };
		FC0A4BD32418451E00D2838E /* XCTestCase+FeedStoreSpecs.swift */ = {isa = PBXFileReference; lastKnownFileType = sourcecode.swift; path = "XCTestCase+FeedStoreSpecs.swift"; sourceTree = "<group>"; };
		FC0B7CE12461F82B00684FD7 /* FeedViewControllerTests+Localization.swift */ = {isa = PBXFileReference; lastKnownFileType = sourcecode.swift; path = "FeedViewControllerTests+Localization.swift"; sourceTree = "<group>"; };
		FC0B7CE52461F9A800684FD7 /* en */ = {isa = PBXFileReference; lastKnownFileType = text.plist.strings; name = en; path = en.lproj/Feed.strings; sourceTree = "<group>"; };
		FC0B7CE72461F9E600684FD7 /* pt-BR */ = {isa = PBXFileReference; lastKnownFileType = text.plist.strings; name = "pt-BR"; path = "pt-BR.lproj/Feed.strings"; sourceTree = "<group>"; };
		FC0B7CE82461FA1300684FD7 /* el */ = {isa = PBXFileReference; lastKnownFileType = text.plist.strings; name = el; path = el.lproj/Feed.strings; sourceTree = "<group>"; };
		FC0B7CEA2461FA7500684FD7 /* FeedLocalizationTests.swift */ = {isa = PBXFileReference; lastKnownFileType = sourcecode.swift; path = FeedLocalizationTests.swift; sourceTree = "<group>"; };
		FC0F139C241923FF000079A7 /* XCTestCase+FailableRetrieveFeedStoreSpecs.swift */ = {isa = PBXFileReference; lastKnownFileType = sourcecode.swift; path = "XCTestCase+FailableRetrieveFeedStoreSpecs.swift"; sourceTree = "<group>"; };
		FC0F139E2419249A000079A7 /* XCTestCase+FailableInsertFeedStoreSpecs.swift */ = {isa = PBXFileReference; lastKnownFileType = sourcecode.swift; path = "XCTestCase+FailableInsertFeedStoreSpecs.swift"; sourceTree = "<group>"; };
		FC0F13A024192508000079A7 /* XCTestCase+FailableDeleteFeedStoreSpecs.swift */ = {isa = PBXFileReference; lastKnownFileType = sourcecode.swift; path = "XCTestCase+FailableDeleteFeedStoreSpecs.swift"; sourceTree = "<group>"; };
		FC0F4D182450ACA10099A817 /* FeedImageCellController.swift */ = {isa = PBXFileReference; lastKnownFileType = sourcecode.swift; path = FeedImageCellController.swift; sourceTree = "<group>"; };
		FC0F4D1B2450B11D0099A817 /* FeedUIComposer.swift */ = {isa = PBXFileReference; lastKnownFileType = sourcecode.swift; path = FeedUIComposer.swift; sourceTree = "<group>"; };
		FC0F9492241BF0CF0047D3CF /* CoreDataHelpers.swift */ = {isa = PBXFileReference; lastKnownFileType = sourcecode.swift; path = CoreDataHelpers.swift; sourceTree = "<group>"; };
		FC0F9494241BF12B0047D3CF /* ManagedCache.swift */ = {isa = PBXFileReference; lastKnownFileType = sourcecode.swift; path = ManagedCache.swift; sourceTree = "<group>"; };
		FC0F9496241BF13F0047D3CF /* ManagedFeedImage.swift */ = {isa = PBXFileReference; lastKnownFileType = sourcecode.swift; path = ManagedFeedImage.swift; sourceTree = "<group>"; };
		FC313E0A243BE60900E7DFF6 /* UIView+Shimmering.swift */ = {isa = PBXFileReference; lastKnownFileType = sourcecode.swift; path = "UIView+Shimmering.swift"; sourceTree = "<group>"; };
		FC41A31A241BC2A80032B7EC /* CoreDataFeedStoreTests.swift */ = {isa = PBXFileReference; lastKnownFileType = sourcecode.swift; path = CoreDataFeedStoreTests.swift; sourceTree = "<group>"; };
		FC41A31C241BC45E0032B7EC /* CoreDataFeedStore.swift */ = {isa = PBXFileReference; lastKnownFileType = sourcecode.swift; path = CoreDataFeedStore.swift; sourceTree = "<group>"; };
		FC43328723FB1C7E0097DF01 /* RemoteFeedItem.swift */ = {isa = PBXFileReference; lastKnownFileType = sourcecode.swift; path = RemoteFeedItem.swift; sourceTree = "<group>"; };
		FC43328923FB1CB70097DF01 /* LocalFeedImage.swift */ = {isa = PBXFileReference; lastKnownFileType = sourcecode.swift; path = LocalFeedImage.swift; sourceTree = "<group>"; };
		FC43328B23FB21610097DF01 /* LoadFeedFromCacheUseCaseTests.swift */ = {isa = PBXFileReference; lastKnownFileType = sourcecode.swift; path = LoadFeedFromCacheUseCaseTests.swift; sourceTree = "<group>"; };
		FC43328E23FB22780097DF01 /* FeedStoreSpy.swift */ = {isa = PBXFileReference; lastKnownFileType = sourcecode.swift; path = FeedStoreSpy.swift; sourceTree = "<group>"; };
		FC55143523F726AC003CC79C /* CacheFeedUseCaseTests.swift */ = {isa = PBXFileReference; lastKnownFileType = sourcecode.swift; path = CacheFeedUseCaseTests.swift; sourceTree = "<group>"; };
		FC59B4BE23E75E8800D8790A /* EssentialFeed.framework */ = {isa = PBXFileReference; explicitFileType = wrapper.framework; includeInIndex = 0; path = EssentialFeed.framework; sourceTree = BUILT_PRODUCTS_DIR; };
		FC59B4C223E75E8800D8790A /* Info.plist */ = {isa = PBXFileReference; lastKnownFileType = text.plist.xml; path = Info.plist; sourceTree = "<group>"; };
		FC59B4C723E75E8800D8790A /* EssentialFeedTests.xctest */ = {isa = PBXFileReference; explicitFileType = wrapper.cfbundle; includeInIndex = 0; path = EssentialFeedTests.xctest; sourceTree = BUILT_PRODUCTS_DIR; };
		FC59B4CE23E75E8800D8790A /* Info.plist */ = {isa = PBXFileReference; lastKnownFileType = text.plist.xml; path = Info.plist; sourceTree = "<group>"; };
		FC59B4D923E75EBD00D8790A /* FeedImage.swift */ = {isa = PBXFileReference; lastKnownFileType = sourcecode.swift; path = FeedImage.swift; sourceTree = "<group>"; };
		FC59B4DB23E75F0800D8790A /* FeedLoader.swift */ = {isa = PBXFileReference; lastKnownFileType = sourcecode.swift; path = FeedLoader.swift; sourceTree = "<group>"; };
		FC59B4DD23E7602B00D8790A /* LoadFeedFromRemoteUseCaseTests.swift */ = {isa = PBXFileReference; lastKnownFileType = sourcecode.swift; path = LoadFeedFromRemoteUseCaseTests.swift; sourceTree = "<group>"; };
		FC59B4E023E76B7D00D8790A /* RemoteFeedLoader.swift */ = {isa = PBXFileReference; lastKnownFileType = sourcecode.swift; path = RemoteFeedLoader.swift; sourceTree = "<group>"; };
		FC5CFB4B240EAF3900F4D214 /* ValidateFeedCacheUseCaseTests.swift */ = {isa = PBXFileReference; lastKnownFileType = sourcecode.swift; path = ValidateFeedCacheUseCaseTests.swift; sourceTree = "<group>"; };
		FC5CFB4D240EB1F200F4D214 /* FeedCacheTestHelpers.swift */ = {isa = PBXFileReference; lastKnownFileType = sourcecode.swift; path = FeedCacheTestHelpers.swift; sourceTree = "<group>"; };
		FC5CFB4F240EB27A00F4D214 /* SharedTestHelpers.swift */ = {isa = PBXFileReference; lastKnownFileType = sourcecode.swift; path = SharedTestHelpers.swift; sourceTree = "<group>"; };
		FC6C4538245DE78700702A62 /* FeedImagePresenter.swift */ = {isa = PBXFileReference; lastKnownFileType = sourcecode.swift; path = FeedImagePresenter.swift; sourceTree = "<group>"; };
		FC6C453A245DE7C800702A62 /* FeedImageViewModel.swift */ = {isa = PBXFileReference; fileEncoding = 4; lastKnownFileType = sourcecode.swift; path = FeedImageViewModel.swift; sourceTree = "<group>"; };
		FC6C453C245DE8B200702A62 /* FeedViewModel.swift */ = {isa = PBXFileReference; lastKnownFileType = sourcecode.swift; path = FeedViewModel.swift; sourceTree = "<group>"; };
		FC6C453E245DE8BD00702A62 /* FeedLoadingViewModel.swift */ = {isa = PBXFileReference; lastKnownFileType = sourcecode.swift; path = FeedLoadingViewModel.swift; sourceTree = "<group>"; };
		FC77A1652462063D00C6D65D /* MainQueueDispatchDecorator.swift */ = {isa = PBXFileReference; lastKnownFileType = sourcecode.swift; path = MainQueueDispatchDecorator.swift; sourceTree = "<group>"; };
		FC9272C1242C0D4C008F0C4B /* FeedUIIntegrationTests.swift */ = {isa = PBXFileReference; lastKnownFileType = sourcecode.swift; path = FeedUIIntegrationTests.swift; sourceTree = "<group>"; };
		FC9AD4CC242167F2008AA06D /* EssentialFeedCacheIntegrationTests.xctest */ = {isa = PBXFileReference; explicitFileType = wrapper.cfbundle; includeInIndex = 0; path = EssentialFeedCacheIntegrationTests.xctest; sourceTree = BUILT_PRODUCTS_DIR; };
		FC9AD4CE242167F2008AA06D /* EssentialFeedCacheIntegrationTests.swift */ = {isa = PBXFileReference; lastKnownFileType = sourcecode.swift; path = EssentialFeedCacheIntegrationTests.swift; sourceTree = "<group>"; };
		FC9AD4D0242167F2008AA06D /* Info.plist */ = {isa = PBXFileReference; lastKnownFileType = text.plist.xml; path = Info.plist; sourceTree = "<group>"; };
		FC9AD4E024217065008AA06D /* FeedStore.xcdatamodel */ = {isa = PBXFileReference; lastKnownFileType = wrapper.xcdatamodel; path = FeedStore.xcdatamodel; sourceTree = "<group>"; };
		FC9AE96D24509CE2008A3C9B /* UIImage+TestHelpers.swift */ = {isa = PBXFileReference; lastKnownFileType = sourcecode.swift; path = "UIImage+TestHelpers.swift"; sourceTree = "<group>"; };
		FC9AE96F24509D42008A3C9B /* UIRefreshControl+TestHelpers.swift */ = {isa = PBXFileReference; lastKnownFileType = sourcecode.swift; path = "UIRefreshControl+TestHelpers.swift"; sourceTree = "<group>"; };
		FC9AE97124509D6B008A3C9B /* UIButton+TestHelpers.swift */ = {isa = PBXFileReference; lastKnownFileType = sourcecode.swift; path = "UIButton+TestHelpers.swift"; sourceTree = "<group>"; };
		FC9AE97324509D96008A3C9B /* UIControl+TestHelpers.swift */ = {isa = PBXFileReference; lastKnownFileType = sourcecode.swift; path = "UIControl+TestHelpers.swift"; sourceTree = "<group>"; };
		FC9AE97724509E46008A3C9B /* FeedViewController+TestHelpers.swift */ = {isa = PBXFileReference; lastKnownFileType = sourcecode.swift; path = "FeedViewController+TestHelpers.swift"; sourceTree = "<group>"; };
		FC9AE97924509E7C008A3C9B /* FeedImageCell+TestHelpers.swift */ = {isa = PBXFileReference; lastKnownFileType = sourcecode.swift; path = "FeedImageCell+TestHelpers.swift"; sourceTree = "<group>"; };
		FC9AE97B24509EA7008A3C9B /* FeedViewControllerTests+LoaderSpy.swift */ = {isa = PBXFileReference; lastKnownFileType = sourcecode.swift; path = "FeedViewControllerTests+LoaderSpy.swift"; sourceTree = "<group>"; };
		FC9AE97D24509F01008A3C9B /* FeedViewControllerTests+Assertions.swift */ = {isa = PBXFileReference; lastKnownFileType = sourcecode.swift; path = "FeedViewControllerTests+Assertions.swift"; sourceTree = "<group>"; };
		FC9AE9812450A071008A3C9B /* FeedImageDataLoader.swift */ = {isa = PBXFileReference; lastKnownFileType = sourcecode.swift; path = FeedImageDataLoader.swift; sourceTree = "<group>"; };
		FCA58C6C2416849B00DBD5A3 /* FeedCachePolicy.swift */ = {isa = PBXFileReference; lastKnownFileType = sourcecode.swift; path = FeedCachePolicy.swift; sourceTree = "<group>"; };
		FCA820ED23EB16D9000441BC /* HTTPClient.swift */ = {isa = PBXFileReference; lastKnownFileType = sourcecode.swift; path = HTTPClient.swift; sourceTree = "<group>"; };
		FCA820EF23EB172B000441BC /* FeedItemMapper.swift */ = {isa = PBXFileReference; lastKnownFileType = sourcecode.swift; path = FeedItemMapper.swift; sourceTree = "<group>"; };
		FCAF7F552450ECC200440864 /* FeedPresenter.swift */ = {isa = PBXFileReference; lastKnownFileType = sourcecode.swift; path = FeedPresenter.swift; sourceTree = "<group>"; };
		FCB2ECEE242D7B5100496FFF /* FeedViewController.swift */ = {isa = PBXFileReference; lastKnownFileType = sourcecode.swift; path = FeedViewController.swift; sourceTree = "<group>"; };
		FCCEE1AE243273D50062E5B4 /* FeedImageCell.swift */ = {isa = PBXFileReference; lastKnownFileType = sourcecode.swift; path = FeedImageCell.swift; sourceTree = "<group>"; };
		FCDBF43C23ED8479005117E6 /* URLSessionHTTPClientTests.swift */ = {isa = PBXFileReference; lastKnownFileType = sourcecode.swift; path = URLSessionHTTPClientTests.swift; sourceTree = "<group>"; };
		FCDBF43F23EDAA9A005117E6 /* XCTestCase+MemoryLeakTracking.swift */ = {isa = PBXFileReference; lastKnownFileType = sourcecode.swift; path = "XCTestCase+MemoryLeakTracking.swift"; sourceTree = "<group>"; };
		FCDBF44123EDC7C8005117E6 /* URLSessionHTTPClient.swift */ = {isa = PBXFileReference; lastKnownFileType = sourcecode.swift; path = URLSessionHTTPClient.swift; sourceTree = "<group>"; };
		FCDEBF8F23F1AB32009D88B1 /* EssentialFeedAPIEndToEndTests.xctest */ = {isa = PBXFileReference; explicitFileType = wrapper.cfbundle; includeInIndex = 0; path = EssentialFeedAPIEndToEndTests.xctest; sourceTree = BUILT_PRODUCTS_DIR; };
		FCDEBF9123F1AB32009D88B1 /* EssentialFeedAPIEndToEndTests.swift */ = {isa = PBXFileReference; lastKnownFileType = sourcecode.swift; path = EssentialFeedAPIEndToEndTests.swift; sourceTree = "<group>"; };
		FCDEBF9323F1AB32009D88B1 /* Info.plist */ = {isa = PBXFileReference; lastKnownFileType = text.plist.xml; path = Info.plist; sourceTree = "<group>"; };
		FCE69A5524259410004A6AB5 /* EssentialFeediOS.framework */ = {isa = PBXFileReference; explicitFileType = wrapper.framework; includeInIndex = 0; path = EssentialFeediOS.framework; sourceTree = BUILT_PRODUCTS_DIR; };
		FCE69A5824259410004A6AB5 /* Info.plist */ = {isa = PBXFileReference; lastKnownFileType = text.plist.xml; path = Info.plist; sourceTree = "<group>"; };
		FCE69A5D24259410004A6AB5 /* EssentialFeediOSTests.xctest */ = {isa = PBXFileReference; explicitFileType = wrapper.cfbundle; includeInIndex = 0; path = EssentialFeediOSTests.xctest; sourceTree = BUILT_PRODUCTS_DIR; };
		FCE69A6424259410004A6AB5 /* Info.plist */ = {isa = PBXFileReference; lastKnownFileType = text.plist.xml; path = Info.plist; sourceTree = "<group>"; };
		FCEFDDBB2461E1940066E68A /* Feed.storyboard */ = {isa = PBXFileReference; lastKnownFileType = file.storyboard; path = Feed.storyboard; sourceTree = "<group>"; };
		FCEFDDBD2461E1D00066E68A /* Feed.xcassets */ = {isa = PBXFileReference; lastKnownFileType = folder.assetcatalog; path = Feed.xcassets; sourceTree = "<group>"; };
		FCEFDDBF2461ECFA0066E68A /* UITableView+Dequeueing.swift */ = {isa = PBXFileReference; lastKnownFileType = sourcecode.swift; path = "UITableView+Dequeueing.swift"; sourceTree = "<group>"; };
		FCEFDDC12461EDB10066E68A /* UIImageView+Animations.swift */ = {isa = PBXFileReference; lastKnownFileType = sourcecode.swift; path = "UIImageView+Animations.swift"; sourceTree = "<group>"; };
		FCF5658D23FAD8F00058C81F /* LocalFeedLoader.swift */ = {isa = PBXFileReference; lastKnownFileType = sourcecode.swift; path = LocalFeedLoader.swift; sourceTree = "<group>"; };
		FCF5658F23FAD93D0058C81F /* FeedStore.swift */ = {isa = PBXFileReference; lastKnownFileType = sourcecode.swift; path = FeedStore.swift; sourceTree = "<group>"; };
/* End PBXFileReference section */

/* Begin PBXFrameworksBuildPhase section */
		FC59B4BB23E75E8800D8790A /* Frameworks */ = {
			isa = PBXFrameworksBuildPhase;
			buildActionMask = 2147483647;
			files = (
			);
			runOnlyForDeploymentPostprocessing = 0;
		};
		FC59B4C423E75E8800D8790A /* Frameworks */ = {
			isa = PBXFrameworksBuildPhase;
			buildActionMask = 2147483647;
			files = (
				FC59B4C823E75E8800D8790A /* EssentialFeed.framework in Frameworks */,
			);
			runOnlyForDeploymentPostprocessing = 0;
		};
		FC9AD4C9242167F2008AA06D /* Frameworks */ = {
			isa = PBXFrameworksBuildPhase;
			buildActionMask = 2147483647;
			files = (
				FC9AD4D1242167F2008AA06D /* EssentialFeed.framework in Frameworks */,
			);
			runOnlyForDeploymentPostprocessing = 0;
		};
		FCDEBF8C23F1AB32009D88B1 /* Frameworks */ = {
			isa = PBXFrameworksBuildPhase;
			buildActionMask = 2147483647;
			files = (
				FCDEBF9423F1AB32009D88B1 /* EssentialFeed.framework in Frameworks */,
			);
			runOnlyForDeploymentPostprocessing = 0;
		};
		FCE69A5224259410004A6AB5 /* Frameworks */ = {
			isa = PBXFrameworksBuildPhase;
			buildActionMask = 2147483647;
			files = (
				FC9272C4242C10B8008F0C4B /* EssentialFeed.framework in Frameworks */,
			);
			runOnlyForDeploymentPostprocessing = 0;
		};
		FCE69A5A24259410004A6AB5 /* Frameworks */ = {
			isa = PBXFrameworksBuildPhase;
			buildActionMask = 2147483647;
			files = (
				FCE69A5E24259410004A6AB5 /* EssentialFeediOS.framework in Frameworks */,
			);
			runOnlyForDeploymentPostprocessing = 0;
		};
/* End PBXFrameworksBuildPhase section */

/* Begin PBXGroup section */
		FC0B7CE32461F8C900684FD7 /* Feed UI */ = {
			isa = PBXGroup;
			children = (
				FC9AE96C24509CD5008A3C9B /* Helpers */,
				FC9272C1242C0D4C008F0C4B /* FeedUIIntegrationTests.swift */,
			);
			name = "Feed UI";
			sourceTree = "<group>";
		};
		FC0B7CE92461FA5D00684FD7 /* Feed Presentation */ = {
			isa = PBXGroup;
			children = (
				FC0B7CEA2461FA7500684FD7 /* FeedLocalizationTests.swift */,
			);
			name = "Feed Presentation";
			sourceTree = "<group>";
		};
		FC0F13A2241925F9000079A7 /* FeedStoreSpecs */ = {
			isa = PBXGroup;
			children = (
				FC0A4BD1241844B800D2838E /* FeedStoreSpecs.swift */,
				FC0A4BD32418451E00D2838E /* XCTestCase+FeedStoreSpecs.swift */,
				FC0F139C241923FF000079A7 /* XCTestCase+FailableRetrieveFeedStoreSpecs.swift */,
				FC0F139E2419249A000079A7 /* XCTestCase+FailableInsertFeedStoreSpecs.swift */,
				FC0F13A024192508000079A7 /* XCTestCase+FailableDeleteFeedStoreSpecs.swift */,
			);
			path = FeedStoreSpecs;
			sourceTree = "<group>";
		};
		FC0F4D1A2450B1160099A817 /* Composer */ = {
			isa = PBXGroup;
			children = (
				FC0F4D1B2450B11D0099A817 /* FeedUIComposer.swift */,
				FC77A1652462063D00C6D65D /* MainQueueDispatchDecorator.swift */,
			);
			path = Composer;
			sourceTree = "<group>";
		};
		FC0F948F241BF03B0047D3CF /* Infrastructure */ = {
			isa = PBXGroup;
			children = (
				FC0F9490241BF05A0047D3CF /* CoreData */,
			);
			path = Infrastructure;
			sourceTree = "<group>";
		};
		FC0F9490241BF05A0047D3CF /* CoreData */ = {
			isa = PBXGroup;
			children = (
				FC41A31C241BC45E0032B7EC /* CoreDataFeedStore.swift */,
				FC0F9492241BF0CF0047D3CF /* CoreDataHelpers.swift */,
				FC0F9494241BF12B0047D3CF /* ManagedCache.swift */,
				FC0F9496241BF13F0047D3CF /* ManagedFeedImage.swift */,
				FC9AD4DF24217065008AA06D /* FeedStore.xcdatamodeld */,
			);
			path = CoreData;
			sourceTree = "<group>";
		};
		FC43328D23FB226D0097DF01 /* Helpers */ = {
			isa = PBXGroup;
			children = (
				FC43328E23FB22780097DF01 /* FeedStoreSpy.swift */,
				FC5CFB4D240EB1F200F4D214 /* FeedCacheTestHelpers.swift */,
			);
			path = Helpers;
			sourceTree = "<group>";
		};
		FC55143423F7267D003CC79C /* Feed Cache */ = {
			isa = PBXGroup;
			children = (
				FC43328D23FB226D0097DF01 /* Helpers */,
				FC0F13A2241925F9000079A7 /* FeedStoreSpecs */,
				FC55143523F726AC003CC79C /* CacheFeedUseCaseTests.swift */,
				FC43328B23FB21610097DF01 /* LoadFeedFromCacheUseCaseTests.swift */,
				FC5CFB4B240EAF3900F4D214 /* ValidateFeedCacheUseCaseTests.swift */,
				FC41A31A241BC2A80032B7EC /* CoreDataFeedStoreTests.swift */,
			);
			path = "Feed Cache";
			sourceTree = "<group>";
		};
		FC59B4B423E75E8800D8790A = {
			isa = PBXGroup;
			children = (
				FC59B4C023E75E8800D8790A /* EssentialFeed */,
				FCDEBF9023F1AB32009D88B1 /* EssentialFeedAPIEndToEndTests */,
				FC9AD4CD242167F2008AA06D /* EssentialFeedCacheIntegrationTests */,
				FCE69A5624259410004A6AB5 /* EssentialFeediOS */,
				FCE69A6124259410004A6AB5 /* EssentialFeediOSTests */,
				FC59B4CB23E75E8800D8790A /* EssentialFeedTests */,
				FC9272C3242C10B8008F0C4B /* Frameworks */,
				FC59B4BF23E75E8800D8790A /* Products */,
			);
			sourceTree = "<group>";
		};
		FC59B4BF23E75E8800D8790A /* Products */ = {
			isa = PBXGroup;
			children = (
				FC59B4BE23E75E8800D8790A /* EssentialFeed.framework */,
				FC59B4C723E75E8800D8790A /* EssentialFeedTests.xctest */,
				FCDEBF8F23F1AB32009D88B1 /* EssentialFeedAPIEndToEndTests.xctest */,
				FC9AD4CC242167F2008AA06D /* EssentialFeedCacheIntegrationTests.xctest */,
				FCE69A5524259410004A6AB5 /* EssentialFeediOS.framework */,
				FCE69A5D24259410004A6AB5 /* EssentialFeediOSTests.xctest */,
			);
			name = Products;
			sourceTree = "<group>";
		};
		FC59B4C023E75E8800D8790A /* EssentialFeed */ = {
			isa = PBXGroup;
			children = (
				FC59B4C223E75E8800D8790A /* Info.plist */,
				FCF5658C23FAD8D60058C81F /* Feed Cache */,
				FC59B4D823E75EA800D8790A /* Feed Feature */,
				FC59B4DF23E76B6600D8790A /* Feed API */,
			);
			path = EssentialFeed;
			sourceTree = "<group>";
		};
		FC59B4CB23E75E8800D8790A /* EssentialFeedTests */ = {
			isa = PBXGroup;
			children = (
				FC59B4CE23E75E8800D8790A /* Info.plist */,
				FCDBF43E23EDAA80005117E6 /* Helper */,
				FC55143423F7267D003CC79C /* Feed Cache */,
				FCA820F123EB1B93000441BC /* Feed API */,
			);
			path = EssentialFeedTests;
			sourceTree = "<group>";
		};
		FC59B4D823E75EA800D8790A /* Feed Feature */ = {
			isa = PBXGroup;
			children = (
				FC59B4D923E75EBD00D8790A /* FeedImage.swift */,
				FC59B4DB23E75F0800D8790A /* FeedLoader.swift */,
			);
			path = "Feed Feature";
			sourceTree = "<group>";
		};
		FC59B4DF23E76B6600D8790A /* Feed API */ = {
			isa = PBXGroup;
			children = (
				FC59B4E023E76B7D00D8790A /* RemoteFeedLoader.swift */,
				FCA820EF23EB172B000441BC /* FeedItemMapper.swift */,
				FC43328723FB1C7E0097DF01 /* RemoteFeedItem.swift */,
				FCA820ED23EB16D9000441BC /* HTTPClient.swift */,
				FCDBF44123EDC7C8005117E6 /* URLSessionHTTPClient.swift */,
			);
			path = "Feed API";
			sourceTree = "<group>";
		};
		FC9272C3242C10B8008F0C4B /* Frameworks */ = {
			isa = PBXGroup;
			children = (
			);
			name = Frameworks;
			sourceTree = "<group>";
		};
		FC9AD4CD242167F2008AA06D /* EssentialFeedCacheIntegrationTests */ = {
			isa = PBXGroup;
			children = (
				FC9AD4CE242167F2008AA06D /* EssentialFeedCacheIntegrationTests.swift */,
				FC9AD4D0242167F2008AA06D /* Info.plist */,
			);
			path = EssentialFeedCacheIntegrationTests;
			sourceTree = "<group>";
		};
		FC9AE96C24509CD5008A3C9B /* Helpers */ = {
			isa = PBXGroup;
			children = (
				FC9AE97924509E7C008A3C9B /* FeedImageCell+TestHelpers.swift */,
				FC9AE97724509E46008A3C9B /* FeedViewController+TestHelpers.swift */,
				FC9AE97D24509F01008A3C9B /* FeedViewControllerTests+Assertions.swift */,
				FC9AE97B24509EA7008A3C9B /* FeedViewControllerTests+LoaderSpy.swift */,
				FC9AE97124509D6B008A3C9B /* UIButton+TestHelpers.swift */,
				FC9AE97324509D96008A3C9B /* UIControl+TestHelpers.swift */,
				FC9AE96D24509CE2008A3C9B /* UIImage+TestHelpers.swift */,
				FC9AE96F24509D42008A3C9B /* UIRefreshControl+TestHelpers.swift */,
				FC0B7CE12461F82B00684FD7 /* FeedViewControllerTests+Localization.swift */,
			);
			path = Helpers;
			sourceTree = "<group>";
		};
		FC9AE97524509DF4008A3C9B /* Controllers */ = {
			isa = PBXGroup;
			children = (
				FCB2ECEE242D7B5100496FFF /* FeedViewController.swift */,
				FC0F4D182450ACA10099A817 /* FeedImageCellController.swift */,
			);
			path = Controllers;
			sourceTree = "<group>";
		};
		FC9AE97624509DFE008A3C9B /* Views */ = {
			isa = PBXGroup;
			children = (
				FCCEE1AE243273D50062E5B4 /* FeedImageCell.swift */,
				FC313E0A243BE60900E7DFF6 /* UIView+Shimmering.swift */,
				FCEFDDBB2461E1940066E68A /* Feed.storyboard */,
				FCEFDDBD2461E1D00066E68A /* Feed.xcassets */,
				FCEFDDBF2461ECFA0066E68A /* UITableView+Dequeueing.swift */,
				FCEFDDC12461EDB10066E68A /* UIImageView+Animations.swift */,
			);
			path = Views;
			sourceTree = "<group>";
		};
		FC9AE97F2450A032008A3C9B /* Feed UI */ = {
			isa = PBXGroup;
			children = (
				FC0F4D1A2450B1160099A817 /* Composer */,
				FC9AE97524509DF4008A3C9B /* Controllers */,
				FC9AE97624509DFE008A3C9B /* Views */,
			);
			path = "Feed UI";
			sourceTree = "<group>";
		};
		FC9AE9802450A068008A3C9B /* Feed Image Loader */ = {
			isa = PBXGroup;
			children = (
				FC9AE9812450A071008A3C9B /* FeedImageDataLoader.swift */,
			);
			path = "Feed Image Loader";
			sourceTree = "<group>";
		};
		FCA820F123EB1B93000441BC /* Feed API */ = {
			isa = PBXGroup;
			children = (
				FC59B4DD23E7602B00D8790A /* LoadFeedFromRemoteUseCaseTests.swift */,
				FCDBF43C23ED8479005117E6 /* URLSessionHTTPClientTests.swift */,
			);
			path = "Feed API";
			sourceTree = "<group>";
		};
		FCAF7F542450EC5800440864 /* Feed Presentation */ = {
			isa = PBXGroup;
			children = (
				FCAF7F552450ECC200440864 /* FeedPresenter.swift */,
				FC6C453C245DE8B200702A62 /* FeedViewModel.swift */,
				FC6C453E245DE8BD00702A62 /* FeedLoadingViewModel.swift */,
				FC6C453A245DE7C800702A62 /* FeedImageViewModel.swift */,
				FC6C4538245DE78700702A62 /* FeedImagePresenter.swift */,
				FC0B7CE62461F9A800684FD7 /* Feed.strings */,
			);
			path = "Feed Presentation";
			sourceTree = "<group>";
		};
		FCDBF43E23EDAA80005117E6 /* Helper */ = {
			isa = PBXGroup;
			children = (
				FCDBF43F23EDAA9A005117E6 /* XCTestCase+MemoryLeakTracking.swift */,
				FC5CFB4F240EB27A00F4D214 /* SharedTestHelpers.swift */,
			);
			path = Helper;
			sourceTree = "<group>";
		};
		FCDEBF9023F1AB32009D88B1 /* EssentialFeedAPIEndToEndTests */ = {
			isa = PBXGroup;
			children = (
				FCDEBF9123F1AB32009D88B1 /* EssentialFeedAPIEndToEndTests.swift */,
				FCDEBF9323F1AB32009D88B1 /* Info.plist */,
			);
			path = EssentialFeedAPIEndToEndTests;
			sourceTree = "<group>";
		};
		FCE69A5624259410004A6AB5 /* EssentialFeediOS */ = {
			isa = PBXGroup;
			children = (
				FCE69A5824259410004A6AB5 /* Info.plist */,
				FC9AE9802450A068008A3C9B /* Feed Image Loader */,
				FCAF7F542450EC5800440864 /* Feed Presentation */,
				FC9AE97F2450A032008A3C9B /* Feed UI */,
			);
			path = EssentialFeediOS;
			sourceTree = "<group>";
		};
		FCE69A6124259410004A6AB5 /* EssentialFeediOSTests */ = {
			isa = PBXGroup;
			children = (
				FCE69A6424259410004A6AB5 /* Info.plist */,
				FC0B7CE92461FA5D00684FD7 /* Feed Presentation */,
				FC0B7CE32461F8C900684FD7 /* Feed UI */,
			);
			path = EssentialFeediOSTests;
			sourceTree = "<group>";
		};
		FCF5658C23FAD8D60058C81F /* Feed Cache */ = {
			isa = PBXGroup;
			children = (
				FC0F948F241BF03B0047D3CF /* Infrastructure */,
				FCF5658D23FAD8F00058C81F /* LocalFeedLoader.swift */,
				FCF5658F23FAD93D0058C81F /* FeedStore.swift */,
				FC43328923FB1CB70097DF01 /* LocalFeedImage.swift */,
				FCA58C6C2416849B00DBD5A3 /* FeedCachePolicy.swift */,
			);
			path = "Feed Cache";
			sourceTree = "<group>";
		};
/* End PBXGroup section */

/* Begin PBXHeadersBuildPhase section */
		FC59B4B923E75E8800D8790A /* Headers */ = {
			isa = PBXHeadersBuildPhase;
			buildActionMask = 2147483647;
			files = (
			);
			runOnlyForDeploymentPostprocessing = 0;
		};
		FCE69A5024259410004A6AB5 /* Headers */ = {
			isa = PBXHeadersBuildPhase;
			buildActionMask = 2147483647;
			files = (
			);
			runOnlyForDeploymentPostprocessing = 0;
		};
/* End PBXHeadersBuildPhase section */

/* Begin PBXNativeTarget section */
		FC59B4BD23E75E8800D8790A /* EssentialFeed */ = {
			isa = PBXNativeTarget;
			buildConfigurationList = FC59B4D223E75E8800D8790A /* Build configuration list for PBXNativeTarget "EssentialFeed" */;
			buildPhases = (
				FC59B4B923E75E8800D8790A /* Headers */,
				FC59B4BA23E75E8800D8790A /* Sources */,
				FC59B4BB23E75E8800D8790A /* Frameworks */,
				FC59B4BC23E75E8800D8790A /* Resources */,
			);
			buildRules = (
			);
			dependencies = (
			);
			name = EssentialFeed;
			productName = EssentialFeed;
			productReference = FC59B4BE23E75E8800D8790A /* EssentialFeed.framework */;
			productType = "com.apple.product-type.framework";
		};
		FC59B4C623E75E8800D8790A /* EssentialFeedTests */ = {
			isa = PBXNativeTarget;
			buildConfigurationList = FC59B4D523E75E8800D8790A /* Build configuration list for PBXNativeTarget "EssentialFeedTests" */;
			buildPhases = (
				FC59B4C323E75E8800D8790A /* Sources */,
				FC59B4C423E75E8800D8790A /* Frameworks */,
				FC59B4C523E75E8800D8790A /* Resources */,
			);
			buildRules = (
			);
			dependencies = (
				FC59B4CA23E75E8800D8790A /* PBXTargetDependency */,
			);
			name = EssentialFeedTests;
			productName = EssentialFeedTests;
			productReference = FC59B4C723E75E8800D8790A /* EssentialFeedTests.xctest */;
			productType = "com.apple.product-type.bundle.unit-test";
		};
		FC9AD4CB242167F2008AA06D /* EssentialFeedCacheIntegrationTests */ = {
			isa = PBXNativeTarget;
			buildConfigurationList = FC9AD4D6242167F2008AA06D /* Build configuration list for PBXNativeTarget "EssentialFeedCacheIntegrationTests" */;
			buildPhases = (
				FC9AD4C8242167F2008AA06D /* Sources */,
				FC9AD4C9242167F2008AA06D /* Frameworks */,
				FC9AD4CA242167F2008AA06D /* Resources */,
			);
			buildRules = (
			);
			dependencies = (
				FC9AD4D3242167F2008AA06D /* PBXTargetDependency */,
			);
			name = EssentialFeedCacheIntegrationTests;
			productName = EssentialFeedCacheIntegrationTests;
			productReference = FC9AD4CC242167F2008AA06D /* EssentialFeedCacheIntegrationTests.xctest */;
			productType = "com.apple.product-type.bundle.unit-test";
		};
		FCDEBF8E23F1AB32009D88B1 /* EssentialFeedAPIEndToEndTests */ = {
			isa = PBXNativeTarget;
			buildConfigurationList = FCDEBF9923F1AB32009D88B1 /* Build configuration list for PBXNativeTarget "EssentialFeedAPIEndToEndTests" */;
			buildPhases = (
				FCDEBF8B23F1AB32009D88B1 /* Sources */,
				FCDEBF8C23F1AB32009D88B1 /* Frameworks */,
				FCDEBF8D23F1AB32009D88B1 /* Resources */,
			);
			buildRules = (
			);
			dependencies = (
				FCDEBF9623F1AB32009D88B1 /* PBXTargetDependency */,
			);
			name = EssentialFeedAPIEndToEndTests;
			productName = EssentialFeedAPIEndToEndTests;
			productReference = FCDEBF8F23F1AB32009D88B1 /* EssentialFeedAPIEndToEndTests.xctest */;
			productType = "com.apple.product-type.bundle.unit-test";
		};
		FCE69A5424259410004A6AB5 /* EssentialFeediOS */ = {
			isa = PBXNativeTarget;
			buildConfigurationList = FCE69A6624259410004A6AB5 /* Build configuration list for PBXNativeTarget "EssentialFeediOS" */;
			buildPhases = (
				FCE69A5024259410004A6AB5 /* Headers */,
				FCE69A5124259410004A6AB5 /* Sources */,
				FCE69A5224259410004A6AB5 /* Frameworks */,
				FCE69A5324259410004A6AB5 /* Resources */,
				FC9272C8242C10B8008F0C4B /* Embed Frameworks */,
			);
			buildRules = (
			);
			dependencies = (
				FC9272C7242C10B8008F0C4B /* PBXTargetDependency */,
			);
			name = EssentialFeediOS;
			productName = EssentialFeediOS;
			productReference = FCE69A5524259410004A6AB5 /* EssentialFeediOS.framework */;
			productType = "com.apple.product-type.framework";
		};
		FCE69A5C24259410004A6AB5 /* EssentialFeediOSTests */ = {
			isa = PBXNativeTarget;
			buildConfigurationList = FCE69A6924259410004A6AB5 /* Build configuration list for PBXNativeTarget "EssentialFeediOSTests" */;
			buildPhases = (
				FCE69A5924259410004A6AB5 /* Sources */,
				FCE69A5A24259410004A6AB5 /* Frameworks */,
				FCE69A5B24259410004A6AB5 /* Resources */,
			);
			buildRules = (
			);
			dependencies = (
				FCE69A6024259410004A6AB5 /* PBXTargetDependency */,
			);
			name = EssentialFeediOSTests;
			productName = EssentialFeediOSTests;
			productReference = FCE69A5D24259410004A6AB5 /* EssentialFeediOSTests.xctest */;
			productType = "com.apple.product-type.bundle.unit-test";
		};
/* End PBXNativeTarget section */

/* Begin PBXProject section */
		FC59B4B523E75E8800D8790A /* Project object */ = {
			isa = PBXProject;
			attributes = {
				LastSwiftUpdateCheck = 1130;
				LastUpgradeCheck = 1130;
				ORGANIZATIONNAME = "Tulio Parreiras";
				TargetAttributes = {
					FC59B4BD23E75E8800D8790A = {
						CreatedOnToolsVersion = 11.3;
						LastSwiftMigration = 1130;
					};
					FC59B4C623E75E8800D8790A = {
						CreatedOnToolsVersion = 11.3;
						LastSwiftMigration = 1130;
					};
					FC9AD4CB242167F2008AA06D = {
						CreatedOnToolsVersion = 11.3;
					};
					FCDEBF8E23F1AB32009D88B1 = {
						CreatedOnToolsVersion = 11.3;
					};
					FCE69A5424259410004A6AB5 = {
						CreatedOnToolsVersion = 11.3;
						LastSwiftMigration = 1130;
					};
					FCE69A5C24259410004A6AB5 = {
						CreatedOnToolsVersion = 11.3;
						LastSwiftMigration = 1130;
					};
				};
			};
			buildConfigurationList = FC59B4B823E75E8800D8790A /* Build configuration list for PBXProject "EssentialFeed" */;
			compatibilityVersion = "Xcode 9.3";
			developmentRegion = en;
			hasScannedForEncodings = 0;
			knownRegions = (
				en,
				Base,
				"pt-BR",
				el,
			);
			mainGroup = FC59B4B423E75E8800D8790A;
			productRefGroup = FC59B4BF23E75E8800D8790A /* Products */;
			projectDirPath = "";
			projectRoot = "";
			targets = (
				FC59B4BD23E75E8800D8790A /* EssentialFeed */,
				FC59B4C623E75E8800D8790A /* EssentialFeedTests */,
				FCDEBF8E23F1AB32009D88B1 /* EssentialFeedAPIEndToEndTests */,
				FC9AD4CB242167F2008AA06D /* EssentialFeedCacheIntegrationTests */,
				FCE69A5424259410004A6AB5 /* EssentialFeediOS */,
				FCE69A5C24259410004A6AB5 /* EssentialFeediOSTests */,
			);
		};
/* End PBXProject section */

/* Begin PBXResourcesBuildPhase section */
		FC59B4BC23E75E8800D8790A /* Resources */ = {
			isa = PBXResourcesBuildPhase;
			buildActionMask = 2147483647;
			files = (
			);
			runOnlyForDeploymentPostprocessing = 0;
		};
		FC59B4C523E75E8800D8790A /* Resources */ = {
			isa = PBXResourcesBuildPhase;
			buildActionMask = 2147483647;
			files = (
			);
			runOnlyForDeploymentPostprocessing = 0;
		};
		FC9AD4CA242167F2008AA06D /* Resources */ = {
			isa = PBXResourcesBuildPhase;
			buildActionMask = 2147483647;
			files = (
			);
			runOnlyForDeploymentPostprocessing = 0;
		};
		FCDEBF8D23F1AB32009D88B1 /* Resources */ = {
			isa = PBXResourcesBuildPhase;
			buildActionMask = 2147483647;
			files = (
			);
			runOnlyForDeploymentPostprocessing = 0;
		};
		FCE69A5324259410004A6AB5 /* Resources */ = {
			isa = PBXResourcesBuildPhase;
			buildActionMask = 2147483647;
			files = (
				FCEFDDBC2461E1950066E68A /* Feed.storyboard in Resources */,
				FCEFDDBE2461E1D00066E68A /* Feed.xcassets in Resources */,
				FC0B7CE42461F9A800684FD7 /* Feed.strings in Resources */,
			);
			runOnlyForDeploymentPostprocessing = 0;
		};
		FCE69A5B24259410004A6AB5 /* Resources */ = {
			isa = PBXResourcesBuildPhase;
			buildActionMask = 2147483647;
			files = (
			);
			runOnlyForDeploymentPostprocessing = 0;
		};
/* End PBXResourcesBuildPhase section */

/* Begin PBXSourcesBuildPhase section */
		FC59B4BA23E75E8800D8790A /* Sources */ = {
			isa = PBXSourcesBuildPhase;
			buildActionMask = 2147483647;
			files = (
				FC0F9493241BF0CF0047D3CF /* CoreDataHelpers.swift in Sources */,
				FC59B4DC23E75F0800D8790A /* FeedLoader.swift in Sources */,
				FCA820F023EB172B000441BC /* FeedItemMapper.swift in Sources */,
				FC43328823FB1C7E0097DF01 /* RemoteFeedItem.swift in Sources */,
				FCA58C6D2416849B00DBD5A3 /* FeedCachePolicy.swift in Sources */,
				FC59B4E123E76B7D00D8790A /* RemoteFeedLoader.swift in Sources */,
				FC9AD4E124217065008AA06D /* FeedStore.xcdatamodeld in Sources */,
				FC43328A23FB1CB70097DF01 /* LocalFeedImage.swift in Sources */,
				FCF5659023FAD93D0058C81F /* FeedStore.swift in Sources */,
				FCF5658E23FAD8F00058C81F /* LocalFeedLoader.swift in Sources */,
				FCA820EE23EB16D9000441BC /* HTTPClient.swift in Sources */,
				FC59B4DA23E75EBD00D8790A /* FeedImage.swift in Sources */,
				FCDBF44223EDC7C8005117E6 /* URLSessionHTTPClient.swift in Sources */,
				FC0F9495241BF12B0047D3CF /* ManagedCache.swift in Sources */,
				FC41A31D241BC45E0032B7EC /* CoreDataFeedStore.swift in Sources */,
				FC0F9497241BF13F0047D3CF /* ManagedFeedImage.swift in Sources */,
			);
			runOnlyForDeploymentPostprocessing = 0;
		};
		FC59B4C323E75E8800D8790A /* Sources */ = {
			isa = PBXSourcesBuildPhase;
			buildActionMask = 2147483647;
			files = (
				FC5CFB4E240EB1F200F4D214 /* FeedCacheTestHelpers.swift in Sources */,
				FC5CFB4C240EAF3900F4D214 /* ValidateFeedCacheUseCaseTests.swift in Sources */,
				FC59B4DE23E7602B00D8790A /* LoadFeedFromRemoteUseCaseTests.swift in Sources */,
				FC0F139F2419249A000079A7 /* XCTestCase+FailableInsertFeedStoreSpecs.swift in Sources */,
				FCDBF43D23ED8479005117E6 /* URLSessionHTTPClientTests.swift in Sources */,
				FC43328F23FB22780097DF01 /* FeedStoreSpy.swift in Sources */,
				FC5CFB50240EB27A00F4D214 /* SharedTestHelpers.swift in Sources */,
				FC55143623F726AC003CC79C /* CacheFeedUseCaseTests.swift in Sources */,
				FC0F13A124192508000079A7 /* XCTestCase+FailableDeleteFeedStoreSpecs.swift in Sources */,
				FC0F139D241923FF000079A7 /* XCTestCase+FailableRetrieveFeedStoreSpecs.swift in Sources */,
				FC43328C23FB21610097DF01 /* LoadFeedFromCacheUseCaseTests.swift in Sources */,
				FC0A4BD2241844B800D2838E /* FeedStoreSpecs.swift in Sources */,
				FCDBF44023EDAA9A005117E6 /* XCTestCase+MemoryLeakTracking.swift in Sources */,
				FC41A31B241BC2A80032B7EC /* CoreDataFeedStoreTests.swift in Sources */,
				FC0A4BD42418451E00D2838E /* XCTestCase+FeedStoreSpecs.swift in Sources */,
			);
			runOnlyForDeploymentPostprocessing = 0;
		};
		FC9AD4C8242167F2008AA06D /* Sources */ = {
			isa = PBXSourcesBuildPhase;
			buildActionMask = 2147483647;
			files = (
				FC9AD4D924216C11008AA06D /* SharedTestHelpers.swift in Sources */,
				FC9AD4CF242167F2008AA06D /* EssentialFeedCacheIntegrationTests.swift in Sources */,
				FC9AD4D824216BD4008AA06D /* FeedCacheTestHelpers.swift in Sources */,
				FC9AD4D7242169F0008AA06D /* XCTestCase+MemoryLeakTracking.swift in Sources */,
			);
			runOnlyForDeploymentPostprocessing = 0;
		};
		FCDEBF8B23F1AB32009D88B1 /* Sources */ = {
			isa = PBXSourcesBuildPhase;
			buildActionMask = 2147483647;
			files = (
				FCDEBF9223F1AB32009D88B1 /* EssentialFeedAPIEndToEndTests.swift in Sources */,
				FCDEBF9A23F1B1BD009D88B1 /* XCTestCase+MemoryLeakTracking.swift in Sources */,
			);
			runOnlyForDeploymentPostprocessing = 0;
		};
		FCE69A5124259410004A6AB5 /* Sources */ = {
			isa = PBXSourcesBuildPhase;
			buildActionMask = 2147483647;
			files = (
				FCAF7F562450ECC200440864 /* FeedPresenter.swift in Sources */,
				FC9AE9822450A071008A3C9B /* FeedImageDataLoader.swift in Sources */,
				FC313E0B243BE60900E7DFF6 /* UIView+Shimmering.swift in Sources */,
				FCEFDDC02461ECFA0066E68A /* UITableView+Dequeueing.swift in Sources */,
				FC6C453B245DE7C800702A62 /* FeedImageViewModel.swift in Sources */,
				FC6C453D245DE8B200702A62 /* FeedViewModel.swift in Sources */,
				FC6C4539245DE78700702A62 /* FeedImagePresenter.swift in Sources */,
				FCEFDDC22461EDB10066E68A /* UIImageView+Animations.swift in Sources */,
				FC77A1662462063D00C6D65D /* MainQueueDispatchDecorator.swift in Sources */,
				FC6C453F245DE8BD00702A62 /* FeedLoadingViewModel.swift in Sources */,
				FCB2ECEF242D7B5100496FFF /* FeedViewController.swift in Sources */,
				FC0F4D1C2450B11D0099A817 /* FeedUIComposer.swift in Sources */,
				FCCEE1AF243273D50062E5B4 /* FeedImageCell.swift in Sources */,
				FC0F4D192450ACA10099A817 /* FeedImageCellController.swift in Sources */,
			);
			runOnlyForDeploymentPostprocessing = 0;
		};
		FCE69A5924259410004A6AB5 /* Sources */ = {
			isa = PBXSourcesBuildPhase;
			buildActionMask = 2147483647;
			files = (
				FC9272C2242C0D4C008F0C4B /* FeedUIIntegrationTests.swift in Sources */,
				FC9AE97E24509F01008A3C9B /* FeedViewControllerTests+Assertions.swift in Sources */,
				FC0B7CEB2461FA7500684FD7 /* FeedLocalizationTests.swift in Sources */,
				FC9AE97224509D6B008A3C9B /* UIButton+TestHelpers.swift in Sources */,
				FC9AE97024509D42008A3C9B /* UIRefreshControl+TestHelpers.swift in Sources */,
				FC9AE97424509D96008A3C9B /* UIControl+TestHelpers.swift in Sources */,
				FC9AE97C24509EA7008A3C9B /* FeedViewControllerTests+LoaderSpy.swift in Sources */,
				FC9AE97824509E46008A3C9B /* FeedViewController+TestHelpers.swift in Sources */,
				FCB2ECED242D572E00496FFF /* XCTestCase+MemoryLeakTracking.swift in Sources */,
				FC9AE96E24509CE2008A3C9B /* UIImage+TestHelpers.swift in Sources */,
				FC9AE97A24509E7C008A3C9B /* FeedImageCell+TestHelpers.swift in Sources */,
				FC0B7CE22461F82B00684FD7 /* FeedViewControllerTests+Localization.swift in Sources */,
			);
			runOnlyForDeploymentPostprocessing = 0;
		};
/* End PBXSourcesBuildPhase section */

/* Begin PBXTargetDependency section */
		FC59B4CA23E75E8800D8790A /* PBXTargetDependency */ = {
			isa = PBXTargetDependency;
			target = FC59B4BD23E75E8800D8790A /* EssentialFeed */;
			targetProxy = FC59B4C923E75E8800D8790A /* PBXContainerItemProxy */;
		};
		FC9272C7242C10B8008F0C4B /* PBXTargetDependency */ = {
			isa = PBXTargetDependency;
			target = FC59B4BD23E75E8800D8790A /* EssentialFeed */;
			targetProxy = FC9272C6242C10B8008F0C4B /* PBXContainerItemProxy */;
		};
		FC9AD4D3242167F2008AA06D /* PBXTargetDependency */ = {
			isa = PBXTargetDependency;
			target = FC59B4BD23E75E8800D8790A /* EssentialFeed */;
			targetProxy = FC9AD4D2242167F2008AA06D /* PBXContainerItemProxy */;
		};
		FCDEBF9623F1AB32009D88B1 /* PBXTargetDependency */ = {
			isa = PBXTargetDependency;
			target = FC59B4BD23E75E8800D8790A /* EssentialFeed */;
			targetProxy = FCDEBF9523F1AB32009D88B1 /* PBXContainerItemProxy */;
		};
		FCE69A6024259410004A6AB5 /* PBXTargetDependency */ = {
			isa = PBXTargetDependency;
			target = FCE69A5424259410004A6AB5 /* EssentialFeediOS */;
			targetProxy = FCE69A5F24259410004A6AB5 /* PBXContainerItemProxy */;
		};
/* End PBXTargetDependency section */

/* Begin PBXVariantGroup section */
		FC0B7CE62461F9A800684FD7 /* Feed.strings */ = {
			isa = PBXVariantGroup;
			children = (
				FC0B7CE52461F9A800684FD7 /* en */,
				FC0B7CE72461F9E600684FD7 /* pt-BR */,
				FC0B7CE82461FA1300684FD7 /* el */,
			);
			name = Feed.strings;
			sourceTree = "<group>";
		};
/* End PBXVariantGroup section */

/* Begin XCBuildConfiguration section */
		FC59B4D023E75E8800D8790A /* Debug */ = {
			isa = XCBuildConfiguration;
			buildSettings = {
				ALWAYS_SEARCH_USER_PATHS = NO;
				CLANG_ANALYZER_LOCALIZABILITY_NONLOCALIZED = YES;
				CLANG_ANALYZER_NONNULL = YES;
				CLANG_ANALYZER_NUMBER_OBJECT_CONVERSION = YES_AGGRESSIVE;
				CLANG_CXX_LANGUAGE_STANDARD = "gnu++14";
				CLANG_CXX_LIBRARY = "libc++";
				CLANG_ENABLE_MODULES = YES;
				CLANG_ENABLE_OBJC_ARC = YES;
				CLANG_ENABLE_OBJC_WEAK = YES;
				CLANG_WARN_BLOCK_CAPTURE_AUTORELEASING = YES;
				CLANG_WARN_BOOL_CONVERSION = YES;
				CLANG_WARN_COMMA = YES;
				CLANG_WARN_CONSTANT_CONVERSION = YES;
				CLANG_WARN_DEPRECATED_OBJC_IMPLEMENTATIONS = YES;
				CLANG_WARN_DIRECT_OBJC_ISA_USAGE = YES_ERROR;
				CLANG_WARN_DOCUMENTATION_COMMENTS = YES;
				CLANG_WARN_EMPTY_BODY = YES;
				CLANG_WARN_ENUM_CONVERSION = YES;
				CLANG_WARN_INFINITE_RECURSION = YES;
				CLANG_WARN_INT_CONVERSION = YES;
				CLANG_WARN_NON_LITERAL_NULL_CONVERSION = YES;
				CLANG_WARN_OBJC_IMPLICIT_RETAIN_SELF = YES;
				CLANG_WARN_OBJC_LITERAL_CONVERSION = YES;
				CLANG_WARN_OBJC_ROOT_CLASS = YES_ERROR;
				CLANG_WARN_RANGE_LOOP_ANALYSIS = YES;
				CLANG_WARN_STRICT_PROTOTYPES = YES;
				CLANG_WARN_SUSPICIOUS_MOVE = YES;
				CLANG_WARN_UNGUARDED_AVAILABILITY = YES_AGGRESSIVE;
				CLANG_WARN_UNREACHABLE_CODE = YES;
				CLANG_WARN__DUPLICATE_METHOD_MATCH = YES;
				COPY_PHASE_STRIP = NO;
				CURRENT_PROJECT_VERSION = 1;
				DEBUG_INFORMATION_FORMAT = dwarf;
				ENABLE_STRICT_OBJC_MSGSEND = YES;
				ENABLE_TESTABILITY = YES;
				GCC_C_LANGUAGE_STANDARD = gnu11;
				GCC_DYNAMIC_NO_PIC = NO;
				GCC_NO_COMMON_BLOCKS = YES;
				GCC_OPTIMIZATION_LEVEL = 0;
				GCC_PREPROCESSOR_DEFINITIONS = (
					"DEBUG=1",
					"$(inherited)",
				);
				GCC_WARN_64_TO_32_BIT_CONVERSION = YES;
				GCC_WARN_ABOUT_RETURN_TYPE = YES_ERROR;
				GCC_WARN_UNDECLARED_SELECTOR = YES;
				GCC_WARN_UNINITIALIZED_AUTOS = YES_AGGRESSIVE;
				GCC_WARN_UNUSED_FUNCTION = YES;
				GCC_WARN_UNUSED_VARIABLE = YES;
				MACOSX_DEPLOYMENT_TARGET = 10.15;
				MTL_ENABLE_DEBUG_INFO = INCLUDE_SOURCE;
				MTL_FAST_MATH = YES;
				ONLY_ACTIVE_ARCH = YES;
				SDKROOT = macosx;
				SWIFT_ACTIVE_COMPILATION_CONDITIONS = DEBUG;
				SWIFT_OPTIMIZATION_LEVEL = "-Onone";
				VERSIONING_SYSTEM = "apple-generic";
				VERSION_INFO_PREFIX = "";
			};
			name = Debug;
		};
		FC59B4D123E75E8800D8790A /* Release */ = {
			isa = XCBuildConfiguration;
			buildSettings = {
				ALWAYS_SEARCH_USER_PATHS = NO;
				CLANG_ANALYZER_LOCALIZABILITY_NONLOCALIZED = YES;
				CLANG_ANALYZER_NONNULL = YES;
				CLANG_ANALYZER_NUMBER_OBJECT_CONVERSION = YES_AGGRESSIVE;
				CLANG_CXX_LANGUAGE_STANDARD = "gnu++14";
				CLANG_CXX_LIBRARY = "libc++";
				CLANG_ENABLE_MODULES = YES;
				CLANG_ENABLE_OBJC_ARC = YES;
				CLANG_ENABLE_OBJC_WEAK = YES;
				CLANG_WARN_BLOCK_CAPTURE_AUTORELEASING = YES;
				CLANG_WARN_BOOL_CONVERSION = YES;
				CLANG_WARN_COMMA = YES;
				CLANG_WARN_CONSTANT_CONVERSION = YES;
				CLANG_WARN_DEPRECATED_OBJC_IMPLEMENTATIONS = YES;
				CLANG_WARN_DIRECT_OBJC_ISA_USAGE = YES_ERROR;
				CLANG_WARN_DOCUMENTATION_COMMENTS = YES;
				CLANG_WARN_EMPTY_BODY = YES;
				CLANG_WARN_ENUM_CONVERSION = YES;
				CLANG_WARN_INFINITE_RECURSION = YES;
				CLANG_WARN_INT_CONVERSION = YES;
				CLANG_WARN_NON_LITERAL_NULL_CONVERSION = YES;
				CLANG_WARN_OBJC_IMPLICIT_RETAIN_SELF = YES;
				CLANG_WARN_OBJC_LITERAL_CONVERSION = YES;
				CLANG_WARN_OBJC_ROOT_CLASS = YES_ERROR;
				CLANG_WARN_RANGE_LOOP_ANALYSIS = YES;
				CLANG_WARN_STRICT_PROTOTYPES = YES;
				CLANG_WARN_SUSPICIOUS_MOVE = YES;
				CLANG_WARN_UNGUARDED_AVAILABILITY = YES_AGGRESSIVE;
				CLANG_WARN_UNREACHABLE_CODE = YES;
				CLANG_WARN__DUPLICATE_METHOD_MATCH = YES;
				COPY_PHASE_STRIP = NO;
				CURRENT_PROJECT_VERSION = 1;
				DEBUG_INFORMATION_FORMAT = "dwarf-with-dsym";
				ENABLE_NS_ASSERTIONS = NO;
				ENABLE_STRICT_OBJC_MSGSEND = YES;
				GCC_C_LANGUAGE_STANDARD = gnu11;
				GCC_NO_COMMON_BLOCKS = YES;
				GCC_WARN_64_TO_32_BIT_CONVERSION = YES;
				GCC_WARN_ABOUT_RETURN_TYPE = YES_ERROR;
				GCC_WARN_UNDECLARED_SELECTOR = YES;
				GCC_WARN_UNINITIALIZED_AUTOS = YES_AGGRESSIVE;
				GCC_WARN_UNUSED_FUNCTION = YES;
				GCC_WARN_UNUSED_VARIABLE = YES;
				MACOSX_DEPLOYMENT_TARGET = 10.15;
				MTL_ENABLE_DEBUG_INFO = NO;
				MTL_FAST_MATH = YES;
				SDKROOT = macosx;
				SWIFT_COMPILATION_MODE = wholemodule;
				SWIFT_OPTIMIZATION_LEVEL = "-O";
				VERSIONING_SYSTEM = "apple-generic";
				VERSION_INFO_PREFIX = "";
			};
			name = Release;
		};
		FC59B4D323E75E8800D8790A /* Debug */ = {
			isa = XCBuildConfiguration;
			buildSettings = {
				CLANG_ENABLE_MODULES = YES;
				CODE_SIGN_IDENTITY = "Apple Development";
				CODE_SIGN_STYLE = Automatic;
				COMBINE_HIDPI_IMAGES = YES;
				DEFINES_MODULE = YES;
				DERIVE_MACCATALYST_PRODUCT_BUNDLE_IDENTIFIER = NO;
				DEVELOPMENT_TEAM = 4KBYJ4JT96;
				DYLIB_COMPATIBILITY_VERSION = 1;
				DYLIB_CURRENT_VERSION = 1;
				DYLIB_INSTALL_NAME_BASE = "@rpath";
				INFOPLIST_FILE = EssentialFeed/Info.plist;
				INSTALL_PATH = "$(LOCAL_LIBRARY_DIR)/Frameworks";
				LD_RUNPATH_SEARCH_PATHS = (
					"$(inherited)",
					"@executable_path/../Frameworks",
					"@loader_path/Frameworks",
				);
				PRODUCT_BUNDLE_IDENTIFIER = br.com.tulioParreiras.EssentialFeed;
				PRODUCT_NAME = "$(TARGET_NAME:c99extidentifier)";
				PROVISIONING_PROFILE_SPECIFIER = "";
				SKIP_INSTALL = YES;
				SUPPORTED_PLATFORMS = "macosx iphoneos iphonesimulator";
				SUPPORTS_MACCATALYST = NO;
				SWIFT_OPTIMIZATION_LEVEL = "-Onone";
				SWIFT_VERSION = 5.0;
			};
			name = Debug;
		};
		FC59B4D423E75E8800D8790A /* Release */ = {
			isa = XCBuildConfiguration;
			buildSettings = {
				CLANG_ENABLE_MODULES = YES;
				CODE_SIGN_IDENTITY = "Apple Development";
				CODE_SIGN_STYLE = Automatic;
				COMBINE_HIDPI_IMAGES = YES;
				DEFINES_MODULE = YES;
				DERIVE_MACCATALYST_PRODUCT_BUNDLE_IDENTIFIER = NO;
				DEVELOPMENT_TEAM = 4KBYJ4JT96;
				DYLIB_COMPATIBILITY_VERSION = 1;
				DYLIB_CURRENT_VERSION = 1;
				DYLIB_INSTALL_NAME_BASE = "@rpath";
				INFOPLIST_FILE = EssentialFeed/Info.plist;
				INSTALL_PATH = "$(LOCAL_LIBRARY_DIR)/Frameworks";
				LD_RUNPATH_SEARCH_PATHS = (
					"$(inherited)",
					"@executable_path/../Frameworks",
					"@loader_path/Frameworks",
				);
				PRODUCT_BUNDLE_IDENTIFIER = br.com.tulioParreiras.EssentialFeed;
				PRODUCT_NAME = "$(TARGET_NAME:c99extidentifier)";
				PROVISIONING_PROFILE_SPECIFIER = "";
				SKIP_INSTALL = YES;
				SUPPORTED_PLATFORMS = "macosx iphoneos iphonesimulator";
				SUPPORTS_MACCATALYST = NO;
				SWIFT_VERSION = 5.0;
			};
			name = Release;
		};
		FC59B4D623E75E8800D8790A /* Debug */ = {
			isa = XCBuildConfiguration;
			buildSettings = {
				ALWAYS_EMBED_SWIFT_STANDARD_LIBRARIES = YES;
				CLANG_ENABLE_MODULES = YES;
				CODE_SIGN_STYLE = Automatic;
				COMBINE_HIDPI_IMAGES = YES;
				DEVELOPMENT_TEAM = 4KBYJ4JT96;
				INFOPLIST_FILE = EssentialFeedTests/Info.plist;
				LD_RUNPATH_SEARCH_PATHS = (
					"$(inherited)",
					"@executable_path/../Frameworks",
					"@loader_path/../Frameworks",
				);
				PRODUCT_BUNDLE_IDENTIFIER = br.com.tulioParreiras.EssentialFeedTests;
				PRODUCT_NAME = "$(TARGET_NAME)";
				SUPPORTED_PLATFORMS = "macosx iphoneos iphonesimulator";
				SWIFT_OPTIMIZATION_LEVEL = "-Onone";
				SWIFT_VERSION = 5.0;
			};
			name = Debug;
		};
		FC59B4D723E75E8800D8790A /* Release */ = {
			isa = XCBuildConfiguration;
			buildSettings = {
				ALWAYS_EMBED_SWIFT_STANDARD_LIBRARIES = YES;
				CLANG_ENABLE_MODULES = YES;
				CODE_SIGN_STYLE = Automatic;
				COMBINE_HIDPI_IMAGES = YES;
				DEVELOPMENT_TEAM = 4KBYJ4JT96;
				INFOPLIST_FILE = EssentialFeedTests/Info.plist;
				LD_RUNPATH_SEARCH_PATHS = (
					"$(inherited)",
					"@executable_path/../Frameworks",
					"@loader_path/../Frameworks",
				);
				PRODUCT_BUNDLE_IDENTIFIER = br.com.tulioParreiras.EssentialFeedTests;
				PRODUCT_NAME = "$(TARGET_NAME)";
				SUPPORTED_PLATFORMS = "macosx iphoneos iphonesimulator";
				SWIFT_VERSION = 5.0;
			};
			name = Release;
		};
		FC9AD4D4242167F2008AA06D /* Debug */ = {
			isa = XCBuildConfiguration;
			buildSettings = {
				CODE_SIGN_STYLE = Automatic;
				COMBINE_HIDPI_IMAGES = YES;
				DEVELOPMENT_TEAM = 4KBYJ4JT96;
				INFOPLIST_FILE = EssentialFeedCacheIntegrationTests/Info.plist;
				LD_RUNPATH_SEARCH_PATHS = (
					"$(inherited)",
					"@executable_path/../Frameworks",
					"@loader_path/../Frameworks",
				);
				PRODUCT_BUNDLE_IDENTIFIER = br.com.tulioParreiras.EssentialFeedCacheIntegrationTests;
				PRODUCT_NAME = "$(TARGET_NAME)";
				SUPPORTED_PLATFORMS = "macosx iphonesimulator iphoneos";
				SWIFT_VERSION = 5.0;
			};
			name = Debug;
		};
		FC9AD4D5242167F2008AA06D /* Release */ = {
			isa = XCBuildConfiguration;
			buildSettings = {
				CODE_SIGN_STYLE = Automatic;
				COMBINE_HIDPI_IMAGES = YES;
				DEVELOPMENT_TEAM = 4KBYJ4JT96;
				INFOPLIST_FILE = EssentialFeedCacheIntegrationTests/Info.plist;
				LD_RUNPATH_SEARCH_PATHS = (
					"$(inherited)",
					"@executable_path/../Frameworks",
					"@loader_path/../Frameworks",
				);
				PRODUCT_BUNDLE_IDENTIFIER = br.com.tulioParreiras.EssentialFeedCacheIntegrationTests;
				PRODUCT_NAME = "$(TARGET_NAME)";
				SUPPORTED_PLATFORMS = "macosx iphonesimulator iphoneos";
				SWIFT_VERSION = 5.0;
			};
			name = Release;
		};
		FCDEBF9723F1AB32009D88B1 /* Debug */ = {
			isa = XCBuildConfiguration;
			buildSettings = {
				CODE_SIGN_STYLE = Automatic;
				COMBINE_HIDPI_IMAGES = YES;
				DEVELOPMENT_TEAM = 4KBYJ4JT96;
				INFOPLIST_FILE = EssentialFeedAPIEndToEndTests/Info.plist;
				LD_RUNPATH_SEARCH_PATHS = (
					"$(inherited)",
					"@executable_path/../Frameworks",
					"@loader_path/../Frameworks",
				);
				PRODUCT_BUNDLE_IDENTIFIER = br.com.tulioParreiras.EssentialFeedAPIEndToEndTests;
				PRODUCT_NAME = "$(TARGET_NAME)";
				SUPPORTED_PLATFORMS = "macosx iphonesimulator iphoneos";
				SWIFT_VERSION = 5.0;
			};
			name = Debug;
		};
		FCDEBF9823F1AB32009D88B1 /* Release */ = {
			isa = XCBuildConfiguration;
			buildSettings = {
				CODE_SIGN_STYLE = Automatic;
				COMBINE_HIDPI_IMAGES = YES;
				DEVELOPMENT_TEAM = 4KBYJ4JT96;
				INFOPLIST_FILE = EssentialFeedAPIEndToEndTests/Info.plist;
				LD_RUNPATH_SEARCH_PATHS = (
					"$(inherited)",
					"@executable_path/../Frameworks",
					"@loader_path/../Frameworks",
				);
				PRODUCT_BUNDLE_IDENTIFIER = br.com.tulioParreiras.EssentialFeedAPIEndToEndTests;
				PRODUCT_NAME = "$(TARGET_NAME)";
				SUPPORTED_PLATFORMS = "macosx iphonesimulator iphoneos";
				SWIFT_VERSION = 5.0;
			};
			name = Release;
		};
		FCE69A6724259410004A6AB5 /* Debug */ = {
			isa = XCBuildConfiguration;
			buildSettings = {
				CLANG_ENABLE_MODULES = YES;
				CODE_SIGN_IDENTITY = "Apple Development";
				"CODE_SIGN_IDENTITY[sdk=macosx*]" = "Apple Development";
				CODE_SIGN_STYLE = Automatic;
				DEFINES_MODULE = YES;
				DEVELOPMENT_TEAM = 4KBYJ4JT96;
				DYLIB_COMPATIBILITY_VERSION = 1;
				DYLIB_CURRENT_VERSION = 1;
				DYLIB_INSTALL_NAME_BASE = "@rpath";
				INFOPLIST_FILE = EssentialFeediOS/Info.plist;
				INSTALL_PATH = "$(LOCAL_LIBRARY_DIR)/Frameworks";
				IPHONEOS_DEPLOYMENT_TARGET = 13.2;
				LD_RUNPATH_SEARCH_PATHS = (
					"$(inherited)",
					"@executable_path/Frameworks",
					"@loader_path/Frameworks",
				);
				PRODUCT_BUNDLE_IDENTIFIER = br.com.tulioParreiras.EssentialFeediOS;
				PRODUCT_NAME = "$(TARGET_NAME:c99extidentifier)";
				PROVISIONING_PROFILE_SPECIFIER = "";
				"PROVISIONING_PROFILE_SPECIFIER[sdk=macosx*]" = "";
				SDKROOT = iphoneos;
				SKIP_INSTALL = YES;
				SUPPORTED_PLATFORMS = "iphonesimulator iphoneos";
				SWIFT_OPTIMIZATION_LEVEL = "-Onone";
				SWIFT_VERSION = 5.0;
				TARGETED_DEVICE_FAMILY = "1,2";
			};
			name = Debug;
		};
		FCE69A6824259410004A6AB5 /* Release */ = {
			isa = XCBuildConfiguration;
			buildSettings = {
				CLANG_ENABLE_MODULES = YES;
				CODE_SIGN_IDENTITY = "Apple Development";
				"CODE_SIGN_IDENTITY[sdk=macosx*]" = "Apple Development";
				CODE_SIGN_STYLE = Automatic;
				DEFINES_MODULE = YES;
				DEVELOPMENT_TEAM = 4KBYJ4JT96;
				DYLIB_COMPATIBILITY_VERSION = 1;
				DYLIB_CURRENT_VERSION = 1;
				DYLIB_INSTALL_NAME_BASE = "@rpath";
				INFOPLIST_FILE = EssentialFeediOS/Info.plist;
				INSTALL_PATH = "$(LOCAL_LIBRARY_DIR)/Frameworks";
				IPHONEOS_DEPLOYMENT_TARGET = 13.2;
				LD_RUNPATH_SEARCH_PATHS = (
					"$(inherited)",
					"@executable_path/Frameworks",
					"@loader_path/Frameworks",
				);
				PRODUCT_BUNDLE_IDENTIFIER = br.com.tulioParreiras.EssentialFeediOS;
				PRODUCT_NAME = "$(TARGET_NAME:c99extidentifier)";
				PROVISIONING_PROFILE_SPECIFIER = "";
				"PROVISIONING_PROFILE_SPECIFIER[sdk=macosx*]" = "";
				SDKROOT = iphoneos;
				SKIP_INSTALL = YES;
				SUPPORTED_PLATFORMS = "iphonesimulator iphoneos";
				SWIFT_VERSION = 5.0;
				TARGETED_DEVICE_FAMILY = "1,2";
				VALIDATE_PRODUCT = YES;
			};
			name = Release;
		};
		FCE69A6A24259410004A6AB5 /* Debug */ = {
			isa = XCBuildConfiguration;
			buildSettings = {
				ALWAYS_EMBED_SWIFT_STANDARD_LIBRARIES = YES;
				CLANG_ENABLE_MODULES = YES;
				CODE_SIGN_STYLE = Automatic;
				DEVELOPMENT_TEAM = 4KBYJ4JT96;
				INFOPLIST_FILE = EssentialFeediOSTests/Info.plist;
				IPHONEOS_DEPLOYMENT_TARGET = 13.2;
				LD_RUNPATH_SEARCH_PATHS = (
					"$(inherited)",
					"@executable_path/Frameworks",
					"@loader_path/Frameworks",
				);
				PRODUCT_BUNDLE_IDENTIFIER = br.com.tulioParreiras.EssentialFeediOSTests;
				PRODUCT_NAME = "$(TARGET_NAME)";
				SDKROOT = iphoneos;
				SWIFT_OPTIMIZATION_LEVEL = "-Onone";
				SWIFT_VERSION = 5.0;
				TARGETED_DEVICE_FAMILY = "1,2";
			};
			name = Debug;
		};
		FCE69A6B24259410004A6AB5 /* Release */ = {
			isa = XCBuildConfiguration;
			buildSettings = {
				ALWAYS_EMBED_SWIFT_STANDARD_LIBRARIES = YES;
				CLANG_ENABLE_MODULES = YES;
				CODE_SIGN_STYLE = Automatic;
				DEVELOPMENT_TEAM = 4KBYJ4JT96;
				INFOPLIST_FILE = EssentialFeediOSTests/Info.plist;
				IPHONEOS_DEPLOYMENT_TARGET = 13.2;
				LD_RUNPATH_SEARCH_PATHS = (
					"$(inherited)",
					"@executable_path/Frameworks",
					"@loader_path/Frameworks",
				);
				PRODUCT_BUNDLE_IDENTIFIER = br.com.tulioParreiras.EssentialFeediOSTests;
				PRODUCT_NAME = "$(TARGET_NAME)";
				SDKROOT = iphoneos;
				SWIFT_VERSION = 5.0;
				TARGETED_DEVICE_FAMILY = "1,2";
				VALIDATE_PRODUCT = YES;
			};
			name = Release;
		};
/* End XCBuildConfiguration section */

/* Begin XCConfigurationList section */
		FC59B4B823E75E8800D8790A /* Build configuration list for PBXProject "EssentialFeed" */ = {
			isa = XCConfigurationList;
			buildConfigurations = (
				FC59B4D023E75E8800D8790A /* Debug */,
				FC59B4D123E75E8800D8790A /* Release */,
			);
			defaultConfigurationIsVisible = 0;
			defaultConfigurationName = Release;
		};
		FC59B4D223E75E8800D8790A /* Build configuration list for PBXNativeTarget "EssentialFeed" */ = {
			isa = XCConfigurationList;
			buildConfigurations = (
				FC59B4D323E75E8800D8790A /* Debug */,
				FC59B4D423E75E8800D8790A /* Release */,
			);
			defaultConfigurationIsVisible = 0;
			defaultConfigurationName = Release;
		};
		FC59B4D523E75E8800D8790A /* Build configuration list for PBXNativeTarget "EssentialFeedTests" */ = {
			isa = XCConfigurationList;
			buildConfigurations = (
				FC59B4D623E75E8800D8790A /* Debug */,
				FC59B4D723E75E8800D8790A /* Release */,
			);
			defaultConfigurationIsVisible = 0;
			defaultConfigurationName = Release;
		};
		FC9AD4D6242167F2008AA06D /* Build configuration list for PBXNativeTarget "EssentialFeedCacheIntegrationTests" */ = {
			isa = XCConfigurationList;
			buildConfigurations = (
				FC9AD4D4242167F2008AA06D /* Debug */,
				FC9AD4D5242167F2008AA06D /* Release */,
			);
			defaultConfigurationIsVisible = 0;
			defaultConfigurationName = Release;
		};
		FCDEBF9923F1AB32009D88B1 /* Build configuration list for PBXNativeTarget "EssentialFeedAPIEndToEndTests" */ = {
			isa = XCConfigurationList;
			buildConfigurations = (
				FCDEBF9723F1AB32009D88B1 /* Debug */,
				FCDEBF9823F1AB32009D88B1 /* Release */,
			);
			defaultConfigurationIsVisible = 0;
			defaultConfigurationName = Release;
		};
		FCE69A6624259410004A6AB5 /* Build configuration list for PBXNativeTarget "EssentialFeediOS" */ = {
			isa = XCConfigurationList;
			buildConfigurations = (
				FCE69A6724259410004A6AB5 /* Debug */,
				FCE69A6824259410004A6AB5 /* Release */,
			);
			defaultConfigurationIsVisible = 0;
			defaultConfigurationName = Release;
		};
		FCE69A6924259410004A6AB5 /* Build configuration list for PBXNativeTarget "EssentialFeediOSTests" */ = {
			isa = XCConfigurationList;
			buildConfigurations = (
				FCE69A6A24259410004A6AB5 /* Debug */,
				FCE69A6B24259410004A6AB5 /* Release */,
			);
			defaultConfigurationIsVisible = 0;
			defaultConfigurationName = Release;
		};
/* End XCConfigurationList section */

/* Begin XCVersionGroup section */
		FC9AD4DF24217065008AA06D /* FeedStore.xcdatamodeld */ = {
			isa = XCVersionGroup;
			children = (
				FC9AD4E024217065008AA06D /* FeedStore.xcdatamodel */,
			);
			currentVersion = FC9AD4E024217065008AA06D /* FeedStore.xcdatamodel */;
			path = FeedStore.xcdatamodeld;
			sourceTree = "<group>";
			versionGroupType = wrapper.xcdatamodel;
		};
/* End XCVersionGroup section */
	};
	rootObject = FC59B4B523E75E8800D8790A /* Project object */;
}
